Microsoft Visual Studio Solution File, Format Version 12.00
# Visual Studio 15
VisualStudioVersion = 15.0.26430.6
MinimumVisualStudioVersion = 10.0.40219.1
Project("{9A19103F-16F7-4668-BE54-9A1E7A4F7556}") = "Ofl.Core", "src\Ofl.Core\Ofl.Core.csproj", "{D18D5C84-1E92-446C-8CBB-2A4714446553}"
EndProject
Project("{2150E333-8FDC-42A3-9474-1A3956D46DE8}") = "src", "src", "{2B2E1403-A9E8-4F2C-95BC-ED9D2A9A3F78}"
EndProject
Project("{2150E333-8FDC-42A3-9474-1A3956D46DE8}") = "test", "test", "{59D5FF82-5C88-407E-B450-A2AEDC00AD24}"
EndProject
Project("{9A19103F-16F7-4668-BE54-9A1E7A4F7556}") = "Ofl.Core.Tests", "test\Ofl.Core.Tests\Ofl.Core.Tests.csproj", "{EF3DC4BF-CCE9-410A-B45F-8339DB6EC62F}"
EndProject
Project("{9A19103F-16F7-4668-BE54-9A1E7A4F7556}") = "Ofl.Hashing", "src\Ofl.Hashing\Ofl.Hashing.csproj", "{12FAB403-D5D6-4182-81A4-86A6E7D30D8A}"
EndProject
Project("{9A19103F-16F7-4668-BE54-9A1E7A4F7556}") = "Ofl.IO", "src\Ofl.IO\Ofl.IO.csproj", "{680A8D8B-B0BA-4706-B358-AC86B8373B8E}"
EndProject
Project("{9A19103F-16F7-4668-BE54-9A1E7A4F7556}") = "Ofl.Net.Http", "src\Ofl.Net.Http\Ofl.Net.Http.csproj", "{EEE268F9-1D5E-4977-96C2-3ED6216303CF}"
EndProject
Project("{9A19103F-16F7-4668-BE54-9A1E7A4F7556}") = "Ofl.Geography", "src\Ofl.Geography\Ofl.Geography.csproj", "{C4203AE1-6EDE-435E-85F0-5C022E54F3C8}"
EndProject
Project("{9A19103F-16F7-4668-BE54-9A1E7A4F7556}") = "Ofl.Html", "src\Ofl.Html\Ofl.Html.csproj", "{DE28B12D-42A0-4B89-AF28-65A8618A8305}"
EndProject
Project("{9A19103F-16F7-4668-BE54-9A1E7A4F7556}") = "Ofl.Reflection", "src\Ofl.Reflection\Ofl.Reflection.csproj", "{7CE7827D-1C1A-405E-B2D4-6DF270887A33}"
EndProject
Project("{9A19103F-16F7-4668-BE54-9A1E7A4F7556}") = "Ofl.Threading.Tasks", "src\Ofl.Threading.Tasks\Ofl.Threading.Tasks.csproj", "{96175D67-4AF8-41F9-BAEC-AF92313CD1DA}"
EndProject
Project("{9A19103F-16F7-4668-BE54-9A1E7A4F7556}") = "Ofl.Text.RegularExpressions", "src\Ofl.Text.RegularExpressions\Ofl.Text.RegularExpressions.csproj", "{5A72BDCF-581F-46A1-91FA-9DE2F2C016B9}"
EndProject
Project("{FAE04EC0-301F-11D3-BF4B-00C04F79EFBC}") = "Ofl.Linq.Expressions", "src\Ofl.Linq.Expressions\Ofl.Linq.Expressions.csproj", "{74DC33AC-6E56-4E2B-A381-E04C0820F457}"
EndProject
Project("{FAE04EC0-301F-11D3-BF4B-00C04F79EFBC}") = "Ofl.Linq", "src\Ofl.Linq\Ofl.Linq.csproj", "{672698F6-7B9A-42D3-950F-F9E97C1886E9}"
EndProject
Project("{FAE04EC0-301F-11D3-BF4B-00C04F79EFBC}") = "Ofl.Collections", "src\Ofl.Collections\Ofl.Collections.csproj", "{E95F9807-5C1F-4E7D-A9C9-3FA890A61548}"
EndProject
Project("{2150E333-8FDC-42A3-9474-1A3956D46DE8}") = "src - new", "src - new", "{4D68E77D-0DF0-4CCD-B23E-CEC2012D5047}"
EndProject
Project("{2150E333-8FDC-42A3-9474-1A3956D46DE8}") = "test - new", "test - new", "{44CE4362-52DB-4D2E-AE6D-1974581F9950}"
EndProject
Project("{FAE04EC0-301F-11D3-BF4B-00C04F79EFBC}") = "Ofl.Collections.Tests", "test\Ofl.Collections.Tests\Ofl.Collections.Tests.csproj", "{E1D81CE9-AE3F-4527-BC19-996F434AD5B9}"
EndProject
Project("{FAE04EC0-301F-11D3-BF4B-00C04F79EFBC}") = "Ofl.Reactive", "src\Ofl.Reactive\Ofl.Reactive.csproj", "{7066A4C1-91B8-4AE2-A794-494E81E274F3}"
EndProject
Project("{FAE04EC0-301F-11D3-BF4B-00C04F79EFBC}") = "Ofl.Serialization.Json.Newtonsoft", "src\Ofl.Serialization.Json.Newtonsoft\Ofl.Serialization.Json.Newtonsoft.csproj", "{3DFECE00-4F9F-47EF-B7A8-5E18A1A0BCBF}"
EndProject
Project("{FAE04EC0-301F-11D3-BF4B-00C04F79EFBC}") = "Ofl.Cloning", "src\Ofl.Cloning\Ofl.Cloning.csproj", "{48F5E519-8C87-4FF1-96B6-BC105FA4F174}"
EndProject
Project("{FAE04EC0-301F-11D3-BF4B-00C04F79EFBC}") = "Ofl.Interactive.Async", "src\Ofl.Interactive.Async\Ofl.Interactive.Async.csproj", "{0C9181A0-38C4-48AA-B410-F7F61A37FDE2}"
EndProject
Project("{FAE04EC0-301F-11D3-BF4B-00C04F79EFBC}") = "Ofl.Linq.Tests", "test\Ofl.Linq.Tests\Ofl.Linq.Tests.csproj", "{5DE85775-291F-4CA3-8BEB-E4B492E9C8CC}"
EndProject
Project("{FAE04EC0-301F-11D3-BF4B-00C04F79EFBC}") = "Ofl.Serialization.Json.Newtonsoft.Tests", "test\Ofl.Serialization.Json.Newtonsoft.Tests\Ofl.Serialization.Json.Newtonsoft.Tests.csproj", "{405ED9C9-EEE5-4918-8BF9-FB3AD5E9B9B9}"
EndProject
Project("{2150E333-8FDC-42A3-9474-1A3956D46DE8}") = "done", "done", "{9478CCC3-A5B1-466D-9DB7-C0C6381DF5CE}"
EndProject
Global
	GlobalSection(SolutionConfigurationPlatforms) = preSolution
		Debug|Any CPU = Debug|Any CPU
		Release|Any CPU = Release|Any CPU
	EndGlobalSection
	GlobalSection(ProjectConfigurationPlatforms) = postSolution
		{D18D5C84-1E92-446C-8CBB-2A4714446553}.Debug|Any CPU.ActiveCfg = Debug|Any CPU
		{D18D5C84-1E92-446C-8CBB-2A4714446553}.Debug|Any CPU.Build.0 = Debug|Any CPU
		{D18D5C84-1E92-446C-8CBB-2A4714446553}.Release|Any CPU.ActiveCfg = Release|Any CPU
		{D18D5C84-1E92-446C-8CBB-2A4714446553}.Release|Any CPU.Build.0 = Release|Any CPU
		{EF3DC4BF-CCE9-410A-B45F-8339DB6EC62F}.Debug|Any CPU.ActiveCfg = Debug|Any CPU
		{EF3DC4BF-CCE9-410A-B45F-8339DB6EC62F}.Debug|Any CPU.Build.0 = Debug|Any CPU
		{EF3DC4BF-CCE9-410A-B45F-8339DB6EC62F}.Release|Any CPU.ActiveCfg = Release|Any CPU
		{EF3DC4BF-CCE9-410A-B45F-8339DB6EC62F}.Release|Any CPU.Build.0 = Release|Any CPU
		{12FAB403-D5D6-4182-81A4-86A6E7D30D8A}.Debug|Any CPU.ActiveCfg = Debug|Any CPU
		{12FAB403-D5D6-4182-81A4-86A6E7D30D8A}.Debug|Any CPU.Build.0 = Debug|Any CPU
		{12FAB403-D5D6-4182-81A4-86A6E7D30D8A}.Release|Any CPU.ActiveCfg = Release|Any CPU
		{12FAB403-D5D6-4182-81A4-86A6E7D30D8A}.Release|Any CPU.Build.0 = Release|Any CPU
		{680A8D8B-B0BA-4706-B358-AC86B8373B8E}.Debug|Any CPU.ActiveCfg = Debug|Any CPU
		{680A8D8B-B0BA-4706-B358-AC86B8373B8E}.Debug|Any CPU.Build.0 = Debug|Any CPU
		{680A8D8B-B0BA-4706-B358-AC86B8373B8E}.Release|Any CPU.ActiveCfg = Release|Any CPU
		{680A8D8B-B0BA-4706-B358-AC86B8373B8E}.Release|Any CPU.Build.0 = Release|Any CPU
		{EEE268F9-1D5E-4977-96C2-3ED6216303CF}.Debug|Any CPU.ActiveCfg = Debug|Any CPU
		{EEE268F9-1D5E-4977-96C2-3ED6216303CF}.Debug|Any CPU.Build.0 = Debug|Any CPU
		{EEE268F9-1D5E-4977-96C2-3ED6216303CF}.Release|Any CPU.ActiveCfg = Release|Any CPU
		{EEE268F9-1D5E-4977-96C2-3ED6216303CF}.Release|Any CPU.Build.0 = Release|Any CPU
		{C4203AE1-6EDE-435E-85F0-5C022E54F3C8}.Debug|Any CPU.ActiveCfg = Debug|Any CPU
		{C4203AE1-6EDE-435E-85F0-5C022E54F3C8}.Debug|Any CPU.Build.0 = Debug|Any CPU
		{C4203AE1-6EDE-435E-85F0-5C022E54F3C8}.Release|Any CPU.ActiveCfg = Release|Any CPU
		{C4203AE1-6EDE-435E-85F0-5C022E54F3C8}.Release|Any CPU.Build.0 = Release|Any CPU
		{DE28B12D-42A0-4B89-AF28-65A8618A8305}.Debug|Any CPU.ActiveCfg = Debug|Any CPU
		{DE28B12D-42A0-4B89-AF28-65A8618A8305}.Debug|Any CPU.Build.0 = Debug|Any CPU
		{DE28B12D-42A0-4B89-AF28-65A8618A8305}.Release|Any CPU.ActiveCfg = Release|Any CPU
		{DE28B12D-42A0-4B89-AF28-65A8618A8305}.Release|Any CPU.Build.0 = Release|Any CPU
		{7CE7827D-1C1A-405E-B2D4-6DF270887A33}.Debug|Any CPU.ActiveCfg = Debug|Any CPU
		{7CE7827D-1C1A-405E-B2D4-6DF270887A33}.Debug|Any CPU.Build.0 = Debug|Any CPU
		{7CE7827D-1C1A-405E-B2D4-6DF270887A33}.Release|Any CPU.ActiveCfg = Release|Any CPU
		{7CE7827D-1C1A-405E-B2D4-6DF270887A33}.Release|Any CPU.Build.0 = Release|Any CPU
		{96175D67-4AF8-41F9-BAEC-AF92313CD1DA}.Debug|Any CPU.ActiveCfg = Debug|Any CPU
		{96175D67-4AF8-41F9-BAEC-AF92313CD1DA}.Debug|Any CPU.Build.0 = Debug|Any CPU
		{96175D67-4AF8-41F9-BAEC-AF92313CD1DA}.Release|Any CPU.ActiveCfg = Release|Any CPU
		{96175D67-4AF8-41F9-BAEC-AF92313CD1DA}.Release|Any CPU.Build.0 = Release|Any CPU
		{5A72BDCF-581F-46A1-91FA-9DE2F2C016B9}.Debug|Any CPU.ActiveCfg = Debug|Any CPU
		{5A72BDCF-581F-46A1-91FA-9DE2F2C016B9}.Debug|Any CPU.Build.0 = Debug|Any CPU
		{5A72BDCF-581F-46A1-91FA-9DE2F2C016B9}.Release|Any CPU.ActiveCfg = Release|Any CPU
		{5A72BDCF-581F-46A1-91FA-9DE2F2C016B9}.Release|Any CPU.Build.0 = Release|Any CPU
		{74DC33AC-6E56-4E2B-A381-E04C0820F457}.Debug|Any CPU.ActiveCfg = Debug|Any CPU
		{74DC33AC-6E56-4E2B-A381-E04C0820F457}.Debug|Any CPU.Build.0 = Debug|Any CPU
		{74DC33AC-6E56-4E2B-A381-E04C0820F457}.Release|Any CPU.ActiveCfg = Release|Any CPU
		{74DC33AC-6E56-4E2B-A381-E04C0820F457}.Release|Any CPU.Build.0 = Release|Any CPU
		{672698F6-7B9A-42D3-950F-F9E97C1886E9}.Debug|Any CPU.ActiveCfg = Debug|Any CPU
		{672698F6-7B9A-42D3-950F-F9E97C1886E9}.Debug|Any CPU.Build.0 = Debug|Any CPU
		{672698F6-7B9A-42D3-950F-F9E97C1886E9}.Release|Any CPU.ActiveCfg = Release|Any CPU
		{672698F6-7B9A-42D3-950F-F9E97C1886E9}.Release|Any CPU.Build.0 = Release|Any CPU
		{E95F9807-5C1F-4E7D-A9C9-3FA890A61548}.Debug|Any CPU.ActiveCfg = Debug|Any CPU
		{E95F9807-5C1F-4E7D-A9C9-3FA890A61548}.Debug|Any CPU.Build.0 = Debug|Any CPU
		{E95F9807-5C1F-4E7D-A9C9-3FA890A61548}.Release|Any CPU.ActiveCfg = Release|Any CPU
		{E95F9807-5C1F-4E7D-A9C9-3FA890A61548}.Release|Any CPU.Build.0 = Release|Any CPU
		{E1D81CE9-AE3F-4527-BC19-996F434AD5B9}.Debug|Any CPU.ActiveCfg = Debug|Any CPU
		{E1D81CE9-AE3F-4527-BC19-996F434AD5B9}.Debug|Any CPU.Build.0 = Debug|Any CPU
		{E1D81CE9-AE3F-4527-BC19-996F434AD5B9}.Release|Any CPU.ActiveCfg = Release|Any CPU
		{E1D81CE9-AE3F-4527-BC19-996F434AD5B9}.Release|Any CPU.Build.0 = Release|Any CPU
		{7066A4C1-91B8-4AE2-A794-494E81E274F3}.Debug|Any CPU.ActiveCfg = Debug|Any CPU
		{7066A4C1-91B8-4AE2-A794-494E81E274F3}.Debug|Any CPU.Build.0 = Debug|Any CPU
		{7066A4C1-91B8-4AE2-A794-494E81E274F3}.Release|Any CPU.ActiveCfg = Release|Any CPU
		{7066A4C1-91B8-4AE2-A794-494E81E274F3}.Release|Any CPU.Build.0 = Release|Any CPU
		{3DFECE00-4F9F-47EF-B7A8-5E18A1A0BCBF}.Debug|Any CPU.ActiveCfg = Debug|Any CPU
		{3DFECE00-4F9F-47EF-B7A8-5E18A1A0BCBF}.Debug|Any CPU.Build.0 = Debug|Any CPU
		{3DFECE00-4F9F-47EF-B7A8-5E18A1A0BCBF}.Release|Any CPU.ActiveCfg = Release|Any CPU
		{3DFECE00-4F9F-47EF-B7A8-5E18A1A0BCBF}.Release|Any CPU.Build.0 = Release|Any CPU
		{48F5E519-8C87-4FF1-96B6-BC105FA4F174}.Debug|Any CPU.ActiveCfg = Debug|Any CPU
		{48F5E519-8C87-4FF1-96B6-BC105FA4F174}.Debug|Any CPU.Build.0 = Debug|Any CPU
		{48F5E519-8C87-4FF1-96B6-BC105FA4F174}.Release|Any CPU.ActiveCfg = Release|Any CPU
		{48F5E519-8C87-4FF1-96B6-BC105FA4F174}.Release|Any CPU.Build.0 = Release|Any CPU
		{0C9181A0-38C4-48AA-B410-F7F61A37FDE2}.Debug|Any CPU.ActiveCfg = Debug|Any CPU
		{0C9181A0-38C4-48AA-B410-F7F61A37FDE2}.Debug|Any CPU.Build.0 = Debug|Any CPU
		{0C9181A0-38C4-48AA-B410-F7F61A37FDE2}.Release|Any CPU.ActiveCfg = Release|Any CPU
		{0C9181A0-38C4-48AA-B410-F7F61A37FDE2}.Release|Any CPU.Build.0 = Release|Any CPU
		{5DE85775-291F-4CA3-8BEB-E4B492E9C8CC}.Debug|Any CPU.ActiveCfg = Debug|Any CPU
		{5DE85775-291F-4CA3-8BEB-E4B492E9C8CC}.Debug|Any CPU.Build.0 = Debug|Any CPU
		{5DE85775-291F-4CA3-8BEB-E4B492E9C8CC}.Release|Any CPU.ActiveCfg = Release|Any CPU
		{5DE85775-291F-4CA3-8BEB-E4B492E9C8CC}.Release|Any CPU.Build.0 = Release|Any CPU
		{405ED9C9-EEE5-4918-8BF9-FB3AD5E9B9B9}.Debug|Any CPU.ActiveCfg = Debug|Any CPU
		{405ED9C9-EEE5-4918-8BF9-FB3AD5E9B9B9}.Debug|Any CPU.Build.0 = Debug|Any CPU
		{405ED9C9-EEE5-4918-8BF9-FB3AD5E9B9B9}.Release|Any CPU.ActiveCfg = Release|Any CPU
		{405ED9C9-EEE5-4918-8BF9-FB3AD5E9B9B9}.Release|Any CPU.Build.0 = Release|Any CPU
	EndGlobalSection
	GlobalSection(SolutionProperties) = preSolution
		HideSolutionNode = FALSE
	EndGlobalSection
	GlobalSection(NestedProjects) = preSolution
		{D18D5C84-1E92-446C-8CBB-2A4714446553} = {2B2E1403-A9E8-4F2C-95BC-ED9D2A9A3F78}
		{EF3DC4BF-CCE9-410A-B45F-8339DB6EC62F} = {59D5FF82-5C88-407E-B450-A2AEDC00AD24}
		{12FAB403-D5D6-4182-81A4-86A6E7D30D8A} = {9478CCC3-A5B1-466D-9DB7-C0C6381DF5CE}
		{680A8D8B-B0BA-4706-B358-AC86B8373B8E} = {9478CCC3-A5B1-466D-9DB7-C0C6381DF5CE}
		{EEE268F9-1D5E-4977-96C2-3ED6216303CF} = {4D68E77D-0DF0-4CCD-B23E-CEC2012D5047}
		{C4203AE1-6EDE-435E-85F0-5C022E54F3C8} = {9478CCC3-A5B1-466D-9DB7-C0C6381DF5CE}
		{DE28B12D-42A0-4B89-AF28-65A8618A8305} = {9478CCC3-A5B1-466D-9DB7-C0C6381DF5CE}
		{7CE7827D-1C1A-405E-B2D4-6DF270887A33} = {9478CCC3-A5B1-466D-9DB7-C0C6381DF5CE}
		{96175D67-4AF8-41F9-BAEC-AF92313CD1DA} = {9478CCC3-A5B1-466D-9DB7-C0C6381DF5CE}
		{5A72BDCF-581F-46A1-91FA-9DE2F2C016B9} = {9478CCC3-A5B1-466D-9DB7-C0C6381DF5CE}
		{74DC33AC-6E56-4E2B-A381-E04C0820F457} = {9478CCC3-A5B1-466D-9DB7-C0C6381DF5CE}
		{672698F6-7B9A-42D3-950F-F9E97C1886E9} = {9478CCC3-A5B1-466D-9DB7-C0C6381DF5CE}
		{E95F9807-5C1F-4E7D-A9C9-3FA890A61548} = {9478CCC3-A5B1-466D-9DB7-C0C6381DF5CE}
		{E1D81CE9-AE3F-4527-BC19-996F434AD5B9} = {44CE4362-52DB-4D2E-AE6D-1974581F9950}
		{7066A4C1-91B8-4AE2-A794-494E81E274F3} = {9478CCC3-A5B1-466D-9DB7-C0C6381DF5CE}
		{3DFECE00-4F9F-47EF-B7A8-5E18A1A0BCBF} = {4D68E77D-0DF0-4CCD-B23E-CEC2012D5047}
		{48F5E519-8C87-4FF1-96B6-BC105FA4F174} = {9478CCC3-A5B1-466D-9DB7-C0C6381DF5CE}
		{0C9181A0-38C4-48AA-B410-F7F61A37FDE2} = {9478CCC3-A5B1-466D-9DB7-C0C6381DF5CE}
		{5DE85775-291F-4CA3-8BEB-E4B492E9C8CC} = {44CE4362-52DB-4D2E-AE6D-1974581F9950}
		{405ED9C9-EEE5-4918-8BF9-FB3AD5E9B9B9} = {44CE4362-52DB-4D2E-AE6D-1974581F9950}
	EndGlobalSection
EndGlobal
