Microsoft Visual Studio Solution File, Format Version 12.00
# Visual Studio 15
VisualStudioVersion = 15.0.26403.7
MinimumVisualStudioVersion = 10.0.40219.1
Project("{FAE04EC0-301F-11D3-BF4B-00C04F79EFBC}") = "Ofl.Core", "src\Ofl.Core\Ofl.Core.csproj", "{D18D5C84-1E92-446C-8CBB-2A4714446553}"
EndProject
Project("{2150E333-8FDC-42A3-9474-1A3956D46DE8}") = "src", "src", "{2B2E1403-A9E8-4F2C-95BC-ED9D2A9A3F78}"
EndProject
Project("{2150E333-8FDC-42A3-9474-1A3956D46DE8}") = "test", "test", "{59D5FF82-5C88-407E-B450-A2AEDC00AD24}"
EndProject
Project("{9A19103F-16F7-4668-BE54-9A1E7A4F7556}") = "Ofl.Core.Tests", "test\Ofl.Core.Tests\Ofl.Core.Tests.csproj", "{EF3DC4BF-CCE9-410A-B45F-8339DB6EC62F}"
EndProject
Project("{9A19103F-16F7-4668-BE54-9A1E7A4F7556}") = "Ofl.Hashing", "src\Ofl.Hashing\Ofl.Hashing.csproj", "{12FAB403-D5D6-4182-81A4-86A6E7D30D8A}"
EndProject
Project("{9A19103F-16F7-4668-BE54-9A1E7A4F7556}") = "Ofl.IO", "src\Ofl.IO\Ofl.IO.csproj", "{680A8D8B-B0BA-4706-B358-AC86B8373B8E}"
EndProject
Project("{9A19103F-16F7-4668-BE54-9A1E7A4F7556}") = "Ofl.Net.Http", "src\Ofl.Net.Http\Ofl.Net.Http.csproj", "{EEE268F9-1D5E-4977-96C2-3ED6216303CF}"
EndProject
Project("{FAE04EC0-301F-11D3-BF4B-00C04F79EFBC}") = "Ofl.Geography", "src\Ofl.Geography\Ofl.Geography.csproj", "{C4203AE1-6EDE-435E-85F0-5C022E54F3C8}"
EndProject
Project("{FAE04EC0-301F-11D3-BF4B-00C04F79EFBC}") = "Ofl.Html", "src\Ofl.Html\Ofl.Html.csproj", "{DE28B12D-42A0-4B89-AF28-65A8618A8305}"
EndProject
Project("{FAE04EC0-301F-11D3-BF4B-00C04F79EFBC}") = "Ofl.Reflection", "src\Ofl.Reflection\Ofl.Reflection.csproj", "{7CE7827D-1C1A-405E-B2D4-6DF270887A33}"
EndProject
Project("{FAE04EC0-301F-11D3-BF4B-00C04F79EFBC}") = "Ofl.Threading.Tasks", "src\Ofl.Threading.Tasks\Ofl.Threading.Tasks.csproj", "{96175D67-4AF8-41F9-BAEC-AF92313CD1DA}"
EndProject
Project("{FAE04EC0-301F-11D3-BF4B-00C04F79EFBC}") = "Ofl.Text.RegularExpressions", "src\Ofl.Text.RegularExpressions\Ofl.Text.RegularExpressions.csproj", "{5A72BDCF-581F-46A1-91FA-9DE2F2C016B9}"
EndProject
Global
	GlobalSection(SolutionConfigurationPlatforms) = preSolution
		Debug|Any CPU = Debug|Any CPU
		Release|Any CPU = Release|Any CPU
	EndGlobalSection
	GlobalSection(ProjectConfigurationPlatforms) = postSolution
		{D18D5C84-1E92-446C-8CBB-2A4714446553}.Debug|Any CPU.ActiveCfg = Debug|Any CPU
		{D18D5C84-1E92-446C-8CBB-2A4714446553}.Debug|Any CPU.Build.0 = Debug|Any CPU
		{D18D5C84-1E92-446C-8CBB-2A4714446553}.Release|Any CPU.ActiveCfg = Release|Any CPU
		{D18D5C84-1E92-446C-8CBB-2A4714446553}.Release|Any CPU.Build.0 = Release|Any CPU
		{EF3DC4BF-CCE9-410A-B45F-8339DB6EC62F}.Debug|Any CPU.ActiveCfg = Debug|Any CPU
		{EF3DC4BF-CCE9-410A-B45F-8339DB6EC62F}.Debug|Any CPU.Build.0 = Debug|Any CPU
		{EF3DC4BF-CCE9-410A-B45F-8339DB6EC62F}.Release|Any CPU.ActiveCfg = Release|Any CPU
		{EF3DC4BF-CCE9-410A-B45F-8339DB6EC62F}.Release|Any CPU.Build.0 = Release|Any CPU
		{12FAB403-D5D6-4182-81A4-86A6E7D30D8A}.Debug|Any CPU.ActiveCfg = Debug|Any CPU
		{12FAB403-D5D6-4182-81A4-86A6E7D30D8A}.Debug|Any CPU.Build.0 = Debug|Any CPU
		{12FAB403-D5D6-4182-81A4-86A6E7D30D8A}.Release|Any CPU.ActiveCfg = Release|Any CPU
		{12FAB403-D5D6-4182-81A4-86A6E7D30D8A}.Release|Any CPU.Build.0 = Release|Any CPU
		{680A8D8B-B0BA-4706-B358-AC86B8373B8E}.Debug|Any CPU.ActiveCfg = Debug|Any CPU
		{680A8D8B-B0BA-4706-B358-AC86B8373B8E}.Debug|Any CPU.Build.0 = Debug|Any CPU
		{680A8D8B-B0BA-4706-B358-AC86B8373B8E}.Release|Any CPU.ActiveCfg = Release|Any CPU
		{680A8D8B-B0BA-4706-B358-AC86B8373B8E}.Release|Any CPU.Build.0 = Release|Any CPU
		{EEE268F9-1D5E-4977-96C2-3ED6216303CF}.Debug|Any CPU.ActiveCfg = Debug|Any CPU
		{EEE268F9-1D5E-4977-96C2-3ED6216303CF}.Debug|Any CPU.Build.0 = Debug|Any CPU
		{EEE268F9-1D5E-4977-96C2-3ED6216303CF}.Release|Any CPU.ActiveCfg = Release|Any CPU
		{EEE268F9-1D5E-4977-96C2-3ED6216303CF}.Release|Any CPU.Build.0 = Release|Any CPU
		{C4203AE1-6EDE-435E-85F0-5C022E54F3C8}.Debug|Any CPU.ActiveCfg = Debug|Any CPU
		{C4203AE1-6EDE-435E-85F0-5C022E54F3C8}.Debug|Any CPU.Build.0 = Debug|Any CPU
		{C4203AE1-6EDE-435E-85F0-5C022E54F3C8}.Release|Any CPU.ActiveCfg = Release|Any CPU
		{C4203AE1-6EDE-435E-85F0-5C022E54F3C8}.Release|Any CPU.Build.0 = Release|Any CPU
		{DE28B12D-42A0-4B89-AF28-65A8618A8305}.Debug|Any CPU.ActiveCfg = Debug|Any CPU
		{DE28B12D-42A0-4B89-AF28-65A8618A8305}.Debug|Any CPU.Build.0 = Debug|Any CPU
		{DE28B12D-42A0-4B89-AF28-65A8618A8305}.Release|Any CPU.ActiveCfg = Release|Any CPU
		{DE28B12D-42A0-4B89-AF28-65A8618A8305}.Release|Any CPU.Build.0 = Release|Any CPU
		{7CE7827D-1C1A-405E-B2D4-6DF270887A33}.Debug|Any CPU.ActiveCfg = Debug|Any CPU
		{7CE7827D-1C1A-405E-B2D4-6DF270887A33}.Debug|Any CPU.Build.0 = Debug|Any CPU
		{7CE7827D-1C1A-405E-B2D4-6DF270887A33}.Release|Any CPU.ActiveCfg = Release|Any CPU
		{7CE7827D-1C1A-405E-B2D4-6DF270887A33}.Release|Any CPU.Build.0 = Release|Any CPU
		{96175D67-4AF8-41F9-BAEC-AF92313CD1DA}.Debug|Any CPU.ActiveCfg = Debug|Any CPU
		{96175D67-4AF8-41F9-BAEC-AF92313CD1DA}.Debug|Any CPU.Build.0 = Debug|Any CPU
		{96175D67-4AF8-41F9-BAEC-AF92313CD1DA}.Release|Any CPU.ActiveCfg = Release|Any CPU
		{96175D67-4AF8-41F9-BAEC-AF92313CD1DA}.Release|Any CPU.Build.0 = Release|Any CPU
		{5A72BDCF-581F-46A1-91FA-9DE2F2C016B9}.Debug|Any CPU.ActiveCfg = Debug|Any CPU
		{5A72BDCF-581F-46A1-91FA-9DE2F2C016B9}.Debug|Any CPU.Build.0 = Debug|Any CPU
		{5A72BDCF-581F-46A1-91FA-9DE2F2C016B9}.Release|Any CPU.ActiveCfg = Release|Any CPU
		{5A72BDCF-581F-46A1-91FA-9DE2F2C016B9}.Release|Any CPU.Build.0 = Release|Any CPU
	EndGlobalSection
	GlobalSection(SolutionProperties) = preSolution
		HideSolutionNode = FALSE
	EndGlobalSection
	GlobalSection(NestedProjects) = preSolution
		{D18D5C84-1E92-446C-8CBB-2A4714446553} = {2B2E1403-A9E8-4F2C-95BC-ED9D2A9A3F78}
		{EF3DC4BF-CCE9-410A-B45F-8339DB6EC62F} = {59D5FF82-5C88-407E-B450-A2AEDC00AD24}
		{12FAB403-D5D6-4182-81A4-86A6E7D30D8A} = {2B2E1403-A9E8-4F2C-95BC-ED9D2A9A3F78}
		{680A8D8B-B0BA-4706-B358-AC86B8373B8E} = {2B2E1403-A9E8-4F2C-95BC-ED9D2A9A3F78}
		{EEE268F9-1D5E-4977-96C2-3ED6216303CF} = {2B2E1403-A9E8-4F2C-95BC-ED9D2A9A3F78}
		{C4203AE1-6EDE-435E-85F0-5C022E54F3C8} = {2B2E1403-A9E8-4F2C-95BC-ED9D2A9A3F78}
		{DE28B12D-42A0-4B89-AF28-65A8618A8305} = {2B2E1403-A9E8-4F2C-95BC-ED9D2A9A3F78}
		{7CE7827D-1C1A-405E-B2D4-6DF270887A33} = {2B2E1403-A9E8-4F2C-95BC-ED9D2A9A3F78}
		{96175D67-4AF8-41F9-BAEC-AF92313CD1DA} = {2B2E1403-A9E8-4F2C-95BC-ED9D2A9A3F78}
		{5A72BDCF-581F-46A1-91FA-9DE2F2C016B9} = {2B2E1403-A9E8-4F2C-95BC-ED9D2A9A3F78}
	EndGlobalSection
EndGlobal
